// !$*UTF8*$!
{
	archiveVersion = 1;
	classes = {
	};
	objectVersion = 46;
	objects = {

/* Begin PBXBuildFile section */
		1884AEF41A109E1D000D0C16 /* AppDelegate.swift in Sources */ = {isa = PBXBuildFile; fileRef = 1884AEF31A109E1D000D0C16 /* AppDelegate.swift */; };
		1884AEF61A109E1D000D0C16 /* ViewController.swift in Sources */ = {isa = PBXBuildFile; fileRef = 1884AEF51A109E1D000D0C16 /* ViewController.swift */; };
		1884AEF91A109E1D000D0C16 /* Main.storyboard in Resources */ = {isa = PBXBuildFile; fileRef = 1884AEF71A109E1D000D0C16 /* Main.storyboard */; };
		1884AEFB1A109E1D000D0C16 /* Images.xcassets in Resources */ = {isa = PBXBuildFile; fileRef = 1884AEFA1A109E1D000D0C16 /* Images.xcassets */; };
		1884AEFE1A109E1D000D0C16 /* LaunchScreen.xib in Resources */ = {isa = PBXBuildFile; fileRef = 1884AEFC1A109E1D000D0C16 /* LaunchScreen.xib */; };
		1884AF0A1A109E1E000D0C16 /* AlertViewSwiftTests.swift in Sources */ = {isa = PBXBuildFile; fileRef = 1884AF091A109E1E000D0C16 /* AlertViewSwiftTests.swift */; };
/* End PBXBuildFile section */

/* Begin PBXContainerItemProxy section */
		1884AF041A109E1E000D0C16 /* PBXContainerItemProxy */ = {
			isa = PBXContainerItemProxy;
			containerPortal = 1884AEE61A109E1D000D0C16 /* Project object */;
			proxyType = 1;
			remoteGlobalIDString = 1884AEED1A109E1D000D0C16;
			remoteInfo = AlertViewSwift;
		};
/* End PBXContainerItemProxy section */

/* Begin PBXFileReference section */
		1884AEEE1A109E1D000D0C16 /* AlertViewSwift.app */ = {isa = PBXFileReference; explicitFileType = wrapper.application; includeInIndex = 0; path = AlertViewSwift.app; sourceTree = BUILT_PRODUCTS_DIR; };
		1884AEF21A109E1D000D0C16 /* Info.plist */ = {isa = PBXFileReference; lastKnownFileType = text.plist.xml; path = Info.plist; sourceTree = "<group>"; };
		1884AEF31A109E1D000D0C16 /* AppDelegate.swift */ = {isa = PBXFileReference; lastKnownFileType = sourcecode.swift; path = AppDelegate.swift; sourceTree = "<group>"; };
		1884AEF51A109E1D000D0C16 /* ViewController.swift */ = {isa = PBXFileReference; lastKnownFileType = sourcecode.swift; path = ViewController.swift; sourceTree = "<group>"; };
		1884AEF81A109E1D000D0C16 /* Base */ = {isa = PBXFileReference; lastKnownFileType = file.storyboard; name = Base; path = Base.lproj/Main.storyboard; sourceTree = "<group>"; };
		1884AEFA1A109E1D000D0C16 /* Images.xcassets */ = {isa = PBXFileReference; lastKnownFileType = folder.assetcatalog; path = Images.xcassets; sourceTree = "<group>"; };
		1884AEFD1A109E1D000D0C16 /* Base */ = {isa = PBXFileReference; lastKnownFileType = file.xib; name = Base; path = Base.lproj/LaunchScreen.xib; sourceTree = "<group>"; };
		1884AF031A109E1E000D0C16 /* AlertViewSwiftTests.xctest */ = {isa = PBXFileReference; explicitFileType = wrapper.cfbundle; includeInIndex = 0; path = AlertViewSwiftTests.xctest; sourceTree = BUILT_PRODUCTS_DIR; };
		1884AF081A109E1E000D0C16 /* Info.plist */ = {isa = PBXFileReference; lastKnownFileType = text.plist.xml; path = Info.plist; sourceTree = "<group>"; };
		1884AF091A109E1E000D0C16 /* AlertViewSwiftTests.swift */ = {isa = PBXFileReference; lastKnownFileType = sourcecode.swift; path = AlertViewSwiftTests.swift; sourceTree = "<group>"; };
/* End PBXFileReference section */

/* Begin PBXFrameworksBuildPhase section */
		1884AEEB1A109E1D000D0C16 /* Frameworks */ = {
			isa = PBXFrameworksBuildPhase;
			buildActionMask = 2147483647;
			files = (
			);
			runOnlyForDeploymentPostprocessing = 0;
		};
		1884AF001A109E1E000D0C16 /* Frameworks */ = {
			isa = PBXFrameworksBuildPhase;
			buildActionMask = 2147483647;
			files = (
			);
			runOnlyForDeploymentPostprocessing = 0;
		};
/* End PBXFrameworksBuildPhase section */

/* Begin PBXGroup section */
		1884AEE51A109E1D000D0C16 = {
			isa = PBXGroup;
			children = (
				1884AEF01A109E1D000D0C16 /* AlertViewSwift */,
				1884AF061A109E1E000D0C16 /* AlertViewSwiftTests */,
				1884AEEF1A109E1D000D0C16 /* Products */,
			);
			sourceTree = "<group>";
		};
		1884AEEF1A109E1D000D0C16 /* Products */ = {
			isa = PBXGroup;
			children = (
				1884AEEE1A109E1D000D0C16 /* AlertViewSwift.app */,
				1884AF031A109E1E000D0C16 /* AlertViewSwiftTests.xctest */,
			);
			name = Products;
			sourceTree = "<group>";
		};
		1884AEF01A109E1D000D0C16 /* AlertViewSwift */ = {
			isa = PBXGroup;
			children = (
				1884AEF31A109E1D000D0C16 /* AppDelegate.swift */,
				1884AEF51A109E1D000D0C16 /* ViewController.swift */,
				1884AEF71A109E1D000D0C16 /* Main.storyboard */,
				1884AEFA1A109E1D000D0C16 /* Images.xcassets */,
				1884AEFC1A109E1D000D0C16 /* LaunchScreen.xib */,
				1884AEF11A109E1D000D0C16 /* Supporting Files */,
			);
			path = AlertViewSwift;
			sourceTree = "<group>";
		};
		1884AEF11A109E1D000D0C16 /* Supporting Files */ = {
			isa = PBXGroup;
			children = (
				1884AEF21A109E1D000D0C16 /* Info.plist */,
			);
			name = "Supporting Files";
			sourceTree = "<group>";
		};
		1884AF061A109E1E000D0C16 /* AlertViewSwiftTests */ = {
			isa = PBXGroup;
			children = (
				1884AF091A109E1E000D0C16 /* AlertViewSwiftTests.swift */,
				1884AF071A109E1E000D0C16 /* Supporting Files */,
			);
			path = AlertViewSwiftTests;
			sourceTree = "<group>";
		};
		1884AF071A109E1E000D0C16 /* Supporting Files */ = {
			isa = PBXGroup;
			children = (
				1884AF081A109E1E000D0C16 /* Info.plist */,
			);
			name = "Supporting Files";
			sourceTree = "<group>";
		};
/* End PBXGroup section */

/* Begin PBXNativeTarget section */
		1884AEED1A109E1D000D0C16 /* AlertViewSwift */ = {
			isa = PBXNativeTarget;
			buildConfigurationList = 1884AF0D1A109E1E000D0C16 /* Build configuration list for PBXNativeTarget "AlertViewSwift" */;
			buildPhases = (
				1884AEEA1A109E1D000D0C16 /* Sources */,
				1884AEEB1A109E1D000D0C16 /* Frameworks */,
				1884AEEC1A109E1D000D0C16 /* Resources */,
			);
			buildRules = (
			);
			dependencies = (
			);
			name = AlertViewSwift;
			productName = AlertViewSwift;
			productReference = 1884AEEE1A109E1D000D0C16 /* AlertViewSwift.app */;
			productType = "com.apple.product-type.application";
		};
		1884AF021A109E1E000D0C16 /* AlertViewSwiftTests */ = {
			isa = PBXNativeTarget;
			buildConfigurationList = 1884AF101A109E1E000D0C16 /* Build configuration list for PBXNativeTarget "AlertViewSwiftTests" */;
			buildPhases = (
				1884AEFF1A109E1E000D0C16 /* Sources */,
				1884AF001A109E1E000D0C16 /* Frameworks */,
				1884AF011A109E1E000D0C16 /* Resources */,
			);
			buildRules = (
			);
			dependencies = (
				1884AF051A109E1E000D0C16 /* PBXTargetDependency */,
			);
			name = AlertViewSwiftTests;
			productName = AlertViewSwiftTests;
			productReference = 1884AF031A109E1E000D0C16 /* AlertViewSwiftTests.xctest */;
			productType = "com.apple.product-type.bundle.unit-test";
		};
/* End PBXNativeTarget section */

/* Begin PBXProject section */
		1884AEE61A109E1D000D0C16 /* Project object */ = {
			isa = PBXProject;
			attributes = {
				LastUpgradeCheck = 0610;
				ORGANIZATIONNAME = RahulSaini;
				TargetAttributes = {
					1884AEED1A109E1D000D0C16 = {
						CreatedOnToolsVersion = 6.1;
					};
					1884AF021A109E1E000D0C16 = {
						CreatedOnToolsVersion = 6.1;
						TestTargetID = 1884AEED1A109E1D000D0C16;
					};
				};
			};
			buildConfigurationList = 1884AEE91A109E1D000D0C16 /* Build configuration list for PBXProject "AlertViewSwift" */;
			compatibilityVersion = "Xcode 3.2";
			developmentRegion = English;
			hasScannedForEncodings = 0;
			knownRegions = (
				en,
				Base,
			);
			mainGroup = 1884AEE51A109E1D000D0C16;
			productRefGroup = 1884AEEF1A109E1D000D0C16 /* Products */;
			projectDirPath = "";
			projectRoot = "";
			targets = (
				1884AEED1A109E1D000D0C16 /* AlertViewSwift */,
				1884AF021A109E1E000D0C16 /* AlertViewSwiftTests */,
			);
		};
/* End PBXProject section */

/* Begin PBXResourcesBuildPhase section */
		1884AEEC1A109E1D000D0C16 /* Resources */ = {
			isa = PBXResourcesBuildPhase;
			buildActionMask = 2147483647;
			files = (
				1884AEF91A109E1D000D0C16 /* Main.storyboard in Resources */,
				1884AEFE1A109E1D000D0C16 /* LaunchScreen.xib in Resources */,
				1884AEFB1A109E1D000D0C16 /* Images.xcassets in Resources */,
			);
			runOnlyForDeploymentPostprocessing = 0;
		};
		1884AF011A109E1E000D0C16 /* Resources */ = {
			isa = PBXResourcesBuildPhase;
			buildActionMask = 2147483647;
			files = (
			);
			runOnlyForDeploymentPostprocessing = 0;
		};
/* End PBXResourcesBuildPhase section */

/* Begin PBXSourcesBuildPhase section */
		1884AEEA1A109E1D000D0C16 /* Sources */ = {
			isa = PBXSourcesBuildPhase;
			buildActionMask = 2147483647;
			files = (
				1884AEF61A109E1D000D0C16 /* ViewController.swift in Sources */,
				1884AEF41A109E1D000D0C16 /* AppDelegate.swift in Sources */,
			);
			runOnlyForDeploymentPostprocessing = 0;
		};
		1884AEFF1A109E1E000D0C16 /* Sources */ = {
			isa = PBXSourcesBuildPhase;
			buildActionMask = 2147483647;
			files = (
				1884AF0A1A109E1E000D0C16 /* AlertViewSwiftTests.swift in Sources */,
			);
			runOnlyForDeploymentPostprocessing = 0;
		};
/* End PBXSourcesBuildPhase section */

/* Begin PBXTargetDependency section */
		1884AF051A109E1E000D0C16 /* PBXTargetDependency */ = {
			isa = PBXTargetDependency;
			target = 1884AEED1A109E1D000D0C16 /* AlertViewSwift */;
			targetProxy = 1884AF041A109E1E000D0C16 /* PBXContainerItemProxy */;
		};
/* End PBXTargetDependency section */

/* Begin PBXVariantGroup section */
		1884AEF71A109E1D000D0C16 /* Main.storyboard */ = {
			isa = PBXVariantGroup;
			children = (
				1884AEF81A109E1D000D0C16 /* Base */,
			);
			name = Main.storyboard;
			sourceTree = "<group>";
		};
		1884AEFC1A109E1D000D0C16 /* LaunchScreen.xib */ = {
			isa = PBXVariantGroup;
			children = (
				1884AEFD1A109E1D000D0C16 /* Base */,
			);
			name = LaunchScreen.xib;
			sourceTree = "<group>";
		};
/* End PBXVariantGroup section */

/* Begin XCBuildConfiguration section */
		1884AF0B1A109E1E000D0C16 /* Debug */ = {
			isa = XCBuildConfiguration;
			buildSettings = {
				ALWAYS_SEARCH_USER_PATHS = NO;
				CLANG_CXX_LANGUAGE_STANDARD = "gnu++0x";
				CLANG_CXX_LIBRARY = "libc++";
				CLANG_ENABLE_MODULES = YES;
				CLANG_ENABLE_OBJC_ARC = YES;
				CLANG_WARN_BOOL_CONVERSION = YES;
				CLANG_WARN_CONSTANT_CONVERSION = YES;
				CLANG_WARN_DIRECT_OBJC_ISA_USAGE = YES_ERROR;
				CLANG_WARN_EMPTY_BODY = YES;
				CLANG_WARN_ENUM_CONVERSION = YES;
				CLANG_WARN_INT_CONVERSION = YES;
				CLANG_WARN_OBJC_ROOT_CLASS = YES_ERROR;
				CLANG_WARN_UNREACHABLE_CODE = YES;
				CLANG_WARN__DUPLICATE_METHOD_MATCH = YES;
				"CODE_SIGN_IDENTITY[sdk=iphoneos*]" = "iPhone Developer";
				COPY_PHASE_STRIP = NO;
				ENABLE_STRICT_OBJC_MSGSEND = YES;
				GCC_C_LANGUAGE_STANDARD = gnu99;
				GCC_DYNAMIC_NO_PIC = NO;
				GCC_OPTIMIZATION_LEVEL = 0;
				GCC_PREPROCESSOR_DEFINITIONS = (
					"DEBUG=1",
					"$(inherited)",
				);
				GCC_SYMBOLS_PRIVATE_EXTERN = NO;
				GCC_WARN_64_TO_32_BIT_CONVERSION = YES;
				GCC_WARN_ABOUT_RETURN_TYPE = YES_ERROR;
				GCC_WARN_UNDECLARED_SELECTOR = YES;
				GCC_WARN_UNINITIALIZED_AUTOS = YES_AGGRESSIVE;
				GCC_WARN_UNUSED_FUNCTION = YES;
				GCC_WARN_UNUSED_VARIABLE = YES;
				IPHONEOS_DEPLOYMENT_TARGET = 8.1;
				MTL_ENABLE_DEBUG_INFO = YES;
				ONLY_ACTIVE_ARCH = YES;
				SDKROOT = iphoneos;
				SWIFT_OPTIMIZATION_LEVEL = "-Onone";
			};
			name = Debug;
		};
		1884AF0C1A109E1E000D0C16 /* Release */ = {
			isa = XCBuildConfiguration;
			buildSettings = {
				ALWAYS_SEARCH_USER_PATHS = NO;
				CLANG_CXX_LANGUAGE_STANDARD = "gnu++0x";
				CLANG_CXX_LIBRARY = "libc++";
				CLANG_ENABLE_MODULES = YES;
				CLANG_ENABLE_OBJC_ARC = YES;
				CLANG_WARN_BOOL_CONVERSION = YES;
				CLANG_WARN_CONSTANT_CONVERSION = YES;
				CLANG_WARN_DIRECT_OBJC_ISA_USAGE = YES_ERROR;
				CLANG_WARN_EMPTY_BODY = YES;
				CLANG_WARN_ENUM_CONVERSION = YES;
				CLANG_WARN_INT_CONVERSION = YES;
				CLANG_WARN_OBJC_ROOT_CLASS = YES_ERROR;
				CLANG_WARN_UNREACHABLE_CODE = YES;
				CLANG_WARN__DUPLICATE_METHOD_MATCH = YES;
				"CODE_SIGN_IDENTITY[sdk=iphoneos*]" = "iPhone Developer";
				COPY_PHASE_STRIP = YES;
				ENABLE_NS_ASSERTIONS = NO;
				ENABLE_STRICT_OBJC_MSGSEND = YES;
				GCC_C_LANGUAGE_STANDARD = gnu99;
				GCC_WARN_64_TO_32_BIT_CONVERSION = YES;
				GCC_WARN_ABOUT_RETURN_TYPE = YES_ERROR;
				GCC_WARN_UNDECLARED_SELECTOR = YES;
				GCC_WARN_UNINITIALIZED_AUTOS = YES_AGGRESSIVE;
				GCC_WARN_UNUSED_FUNCTION = YES;
				GCC_WARN_UNUSED_VARIABLE = YES;
				IPHONEOS_DEPLOYMENT_TARGET = 8.1;
				MTL_ENABLE_DEBUG_INFO = NO;
				SDKROOT = iphoneos;
				VALIDATE_PRODUCT = YES;
			};
			name = Release;
		};
		1884AF0E1A109E1E000D0C16 /* Debug */ = {
			isa = XCBuildConfiguration;
			buildSettings = {
				ASSETCATALOG_COMPILER_APPICON_NAME = AppIcon;
				INFOPLIST_FILE = AlertViewSwift/Info.plist;
				LD_RUNPATH_SEARCH_PATHS = "$(inherited) @executable_path/Frameworks";
				PRODUCT_NAME = "$(TARGET_NAME)";
			};
			name = Debug;
		};
		1884AF0F1A109E1E000D0C16 /* Release */ = {
			isa = XCBuildConfiguration;
			buildSettings = {
				ASSETCATALOG_COMPILER_APPICON_NAME = AppIcon;
				INFOPLIST_FILE = AlertViewSwift/Info.plist;
				LD_RUNPATH_SEARCH_PATHS = "$(inherited) @executable_path/Frameworks";
				PRODUCT_NAME = "$(TARGET_NAME)";
			};
			name = Release;
		};
		1884AF111A109E1E000D0C16 /* Debug */ = {
			isa = XCBuildConfiguration;
			buildSettings = {
				BUNDLE_LOADER = "$(TEST_HOST)";
				FRAMEWORK_SEARCH_PATHS = (
					"$(SDKROOT)/Developer/Library/Frameworks",
					"$(inherited)",
				);
				GCC_PREPROCESSOR_DEFINITIONS = (
					"DEBUG=1",
					"$(inherited)",
				);
				INFOPLIST_FILE = AlertViewSwiftTests/Info.plist;
				LD_RUNPATH_SEARCH_PATHS = "$(inherited) @executable_path/Frameworks @loader_path/Frameworks";
				PRODUCT_NAME = "$(TARGET_NAME)";
				TEST_HOST = "$(BUILT_PRODUCTS_DIR)/AlertViewSwift.app/AlertViewSwift";
			};
			name = Debug;
		};
		1884AF121A109E1E000D0C16 /* Release */ = {
			isa = XCBuildConfiguration;
			buildSettings = {
				BUNDLE_LOADER = "$(TEST_HOST)";
				FRAMEWORK_SEARCH_PATHS = (
					"$(SDKROOT)/Developer/Library/Frameworks",
					"$(inherited)",
				);
				INFOPLIST_FILE = AlertViewSwiftTests/Info.plist;
				LD_RUNPATH_SEARCH_PATHS = "$(inherited) @executable_path/Frameworks @loader_path/Frameworks";
				PRODUCT_NAME = "$(TARGET_NAME)";
				TEST_HOST = "$(BUILT_PRODUCTS_DIR)/AlertViewSwift.app/AlertViewSwift";
			};
			name = Release;
		};
/* End XCBuildConfiguration section */

/* Begin XCConfigurationList section */
		1884AEE91A109E1D000D0C16 /* Build configuration list for PBXProject "AlertViewSwift" */ = {
			isa = XCConfigurationList;
			buildConfigurations = (
				1884AF0B1A109E1E000D0C16 /* Debug */,
				1884AF0C1A109E1E000D0C16 /* Release */,
			);
			defaultConfigurationIsVisible = 0;
			defaultConfigurationName = Release;
		};
		1884AF0D1A109E1E000D0C16 /* Build configuration list for PBXNativeTarget "AlertViewSwift" */ = {
			isa = XCConfigurationList;
			buildConfigurations = (
				1884AF0E1A109E1E000D0C16 /* Debug */,
				1884AF0F1A109E1E000D0C16 /* Release */,
			);
			defaultConfigurationIsVisible = 0;
		};
		1884AF101A109E1E000D0C16 /* Build configuration list for PBXNativeTarget "AlertViewSwiftTests" */ = {
			isa = XCConfigurationList;
			buildConfigurations = (
				1884AF111A109E1E000D0C16 /* Debug */,
				1884AF121A109E1E000D0C16 /* Release */,
			);
			defaultConfigurationIsVisible = 0;
		};
/* End XCConfigurationList section */
	};
	rootObject = 1884AEE61A109E1D000D0C16 /* Project object */;
}
